PODS:
  - MyFlatBuffers (0.0.1):
    - SwiftFlatBuffers
  - SwiftFlatBuffers (1.2.2)

DEPENDENCIES:
  - MyFlatBuffers (from `Example/MyFlatBuffers/`)
  - SwiftFlatBuffers (from `./`)

EXTERNAL SOURCES:
  MyFlatBuffers:
    :path: Example/MyFlatBuffers/
  SwiftFlatBuffers:
    :path: "./"

SPEC CHECKSUMS:
  MyFlatBuffers: 047472446f8b55ee7ecd9f3cfa724e3fcf127bb7
  SwiftFlatBuffers: 28db1179fb6d6aacae37217eb0f383b001cca45b

PODFILE CHECKSUM: 935e03c369ac29a1e9364fe9c5cdcee2699bfda6

COCOAPODS: 1.5.0
